
Microsoft Visual Studio Solution File, Format Version 12.00
# Visual Studio 15
VisualStudioVersion = 15.0.26014.0
MinimumVisualStudioVersion = 10.0.40219.1
Project("{FAE04EC0-301F-11D3-BF4B-00C04F79EFBC}") = "BS1192", "BS1192\BS1192.csproj", "{2D73B85D-EA26-45A0-BA2E-BA8D2557B860}"
EndProject
Project("{FAE04EC0-301F-11D3-BF4B-00C04F79EFBC}") = "DebugApp", "DebugApp\DebugApp.csproj", "{66DF62AB-8E65-4EBF-B298-C90B99CC7561}"
EndProject
Global
	GlobalSection(SolutionConfigurationPlatforms) = preSolution
		Debug|Any CPU = Debug|Any CPU
		Release|Any CPU = Release|Any CPU
	EndGlobalSection
	GlobalSection(ProjectConfigurationPlatforms) = postSolution
		{2D73B85D-EA26-45A0-BA2E-BA8D2557B860}.Debug|Any CPU.ActiveCfg = Debug|Any CPU
		{2D73B85D-EA26-45A0-BA2E-BA8D2557B860}.Debug|Any CPU.Build.0 = Debug|Any CPU
		{2D73B85D-EA26-45A0-BA2E-BA8D2557B860}.Release|Any CPU.ActiveCfg = Release|Any CPU
		{2D73B85D-EA26-45A0-BA2E-BA8D2557B860}.Release|Any CPU.Build.0 = Release|Any CPU
		{66DF62AB-8E65-4EBF-B298-C90B99CC7561}.Debug|Any CPU.ActiveCfg = Debug|Any CPU
		{66DF62AB-8E65-4EBF-B298-C90B99CC7561}.Debug|Any CPU.Build.0 = Debug|Any CPU
		{66DF62AB-8E65-4EBF-B298-C90B99CC7561}.Release|Any CPU.ActiveCfg = Release|Any CPU
		{66DF62AB-8E65-4EBF-B298-C90B99CC7561}.Release|Any CPU.Build.0 = Release|Any CPU
	EndGlobalSection
	GlobalSection(SolutionProperties) = preSolution
		HideSolutionNode = FALSE
	EndGlobalSection
EndGlobal
